
Microsoft Visual Studio Solution File, Format Version 12.00
# Visual Studio Version 17
VisualStudioVersion = 17.8.34408.163
MinimumVisualStudioVersion = 10.0.40219.1
Project("{9A19103F-16F7-4668-BE54-9A1E7A4F7556}") = "BM UI", "BM UI\BM UI.csproj", "{0D709980-55A3-4D96-B708-95BDB63B8316}"
EndProject
Project("{FAE04EC0-301F-11D3-BF4B-00C04F79EFBC}") = "BM Data", "BM Data\BM Data.csproj", "{B1553DF9-8162-4D6D-8A28-35BEFE63A41B}"
EndProject
Project("{FAE04EC0-301F-11D3-BF4B-00C04F79EFBC}") = "BM Core", "BM Core\BM Core.csproj", "{296AB6B7-034E-4CA7-8950-33A050C0A320}"
EndProject
Global
	GlobalSection(SolutionConfigurationPlatforms) = preSolution
		Debug|Any CPU = Debug|Any CPU
		Release|Any CPU = Release|Any CPU
	EndGlobalSection
	GlobalSection(ProjectConfigurationPlatforms) = postSolution
		{0D709980-55A3-4D96-B708-95BDB63B8316}.Debug|Any CPU.ActiveCfg = Debug|Any CPU
		{0D709980-55A3-4D96-B708-95BDB63B8316}.Debug|Any CPU.Build.0 = Debug|Any CPU
		{0D709980-55A3-4D96-B708-95BDB63B8316}.Release|Any CPU.ActiveCfg = Release|Any CPU
		{0D709980-55A3-4D96-B708-95BDB63B8316}.Release|Any CPU.Build.0 = Release|Any CPU
		{B1553DF9-8162-4D6D-8A28-35BEFE63A41B}.Debug|Any CPU.ActiveCfg = Debug|Any CPU
		{B1553DF9-8162-4D6D-8A28-35BEFE63A41B}.Debug|Any CPU.Build.0 = Debug|Any CPU
		{B1553DF9-8162-4D6D-8A28-35BEFE63A41B}.Release|Any CPU.ActiveCfg = Release|Any CPU
		{B1553DF9-8162-4D6D-8A28-35BEFE63A41B}.Release|Any CPU.Build.0 = Release|Any CPU
		{296AB6B7-034E-4CA7-8950-33A050C0A320}.Debug|Any CPU.ActiveCfg = Debug|Any CPU
		{296AB6B7-034E-4CA7-8950-33A050C0A320}.Debug|Any CPU.Build.0 = Debug|Any CPU
		{296AB6B7-034E-4CA7-8950-33A050C0A320}.Release|Any CPU.ActiveCfg = Release|Any CPU
		{296AB6B7-034E-4CA7-8950-33A050C0A320}.Release|Any CPU.Build.0 = Release|Any CPU
	EndGlobalSection
	GlobalSection(SolutionProperties) = preSolution
		HideSolutionNode = FALSE
	EndGlobalSection
	GlobalSection(ExtensibilityGlobals) = postSolution
		SolutionGuid = {512CA404-0B93-4407-A7B1-AA804423E407}
	EndGlobalSection
EndGlobal
